// !$*UTF8*$!
{
	archiveVersion = 1;
	classes = {
	};
	objectVersion = 55;
	objects = {

/* Begin PBXBuildFile section */
		8E989E8E287781C000613666 /* Tests_iOS.swift in Sources */ = {isa = PBXBuildFile; fileRef = 8E989E8D287781C000613666 /* Tests_iOS.swift */; };
		8E989E90287781C000613666 /* Tests_iOSLaunchTests.swift in Sources */ = {isa = PBXBuildFile; fileRef = 8E989E8F287781C000613666 /* Tests_iOSLaunchTests.swift */; };
		8E989E9A287781C000613666 /* Tests_macOS.swift in Sources */ = {isa = PBXBuildFile; fileRef = 8E989E99287781C000613666 /* Tests_macOS.swift */; };
		8E989E9C287781C000613666 /* Tests_macOSLaunchTests.swift in Sources */ = {isa = PBXBuildFile; fileRef = 8E989E9B287781C000613666 /* Tests_macOSLaunchTests.swift */; };
		8E989E9D287781C000613666 /* BlitzApp.swift in Sources */ = {isa = PBXBuildFile; fileRef = 8E989E75287781BD00613666 /* BlitzApp.swift */; };
		8E989E9E287781C000613666 /* BlitzApp.swift in Sources */ = {isa = PBXBuildFile; fileRef = 8E989E75287781BD00613666 /* BlitzApp.swift */; };
		8E989E9F287781C000613666 /* ContentView.swift in Sources */ = {isa = PBXBuildFile; fileRef = 8E989E76287781BD00613666 /* ContentView.swift */; };
		8E989EA0287781C000613666 /* ContentView.swift in Sources */ = {isa = PBXBuildFile; fileRef = 8E989E76287781BD00613666 /* ContentView.swift */; };
		8E989EA1287781C000613666 /* Assets.xcassets in Resources */ = {isa = PBXBuildFile; fileRef = 8E989E77287781C000613666 /* Assets.xcassets */; };
		8E989EA2287781C000613666 /* Assets.xcassets in Resources */ = {isa = PBXBuildFile; fileRef = 8E989E77287781C000613666 /* Assets.xcassets */; };
/* End PBXBuildFile section */

/* Begin PBXContainerItemProxy section */
		8E989E8A287781C000613666 /* PBXContainerItemProxy */ = {
			isa = PBXContainerItemProxy;
			containerPortal = 8E989E70287781BD00613666 /* Project object */;
			proxyType = 1;
			remoteGlobalIDString = 8E989E7B287781C000613666;
			remoteInfo = "Blitz (iOS)";
		};
		8E989E96287781C000613666 /* PBXContainerItemProxy */ = {
			isa = PBXContainerItemProxy;
			containerPortal = 8E989E70287781BD00613666 /* Project object */;
			proxyType = 1;
			remoteGlobalIDString = 8E989E81287781C000613666;
			remoteInfo = "Blitz (macOS)";
		};
/* End PBXContainerItemProxy section */

/* Begin PBXFileReference section */
		8E989E75287781BD00613666 /* BlitzApp.swift */ = {isa = PBXFileReference; lastKnownFileType = sourcecode.swift; path = BlitzApp.swift; sourceTree = "<group>"; };
		8E989E76287781BD00613666 /* ContentView.swift */ = {isa = PBXFileReference; lastKnownFileType = sourcecode.swift; path = ContentView.swift; sourceTree = "<group>"; };
		8E989E77287781C000613666 /* Assets.xcassets */ = {isa = PBXFileReference; lastKnownFileType = folder.assetcatalog; path = Assets.xcassets; sourceTree = "<group>"; };
		8E989E7C287781C000613666 /* Blitz.app */ = {isa = PBXFileReference; explicitFileType = wrapper.application; includeInIndex = 0; path = Blitz.app; sourceTree = BUILT_PRODUCTS_DIR; };
		8E989E82287781C000613666 /* Blitz.app */ = {isa = PBXFileReference; explicitFileType = wrapper.application; includeInIndex = 0; path = Blitz.app; sourceTree = BUILT_PRODUCTS_DIR; };
		8E989E84287781C000613666 /* macOS.entitlements */ = {isa = PBXFileReference; lastKnownFileType = text.plist.entitlements; path = macOS.entitlements; sourceTree = "<group>"; };
		8E989E89287781C000613666 /* Tests iOS.xctest */ = {isa = PBXFileReference; explicitFileType = wrapper.cfbundle; includeInIndex = 0; path = "Tests iOS.xctest"; sourceTree = BUILT_PRODUCTS_DIR; };
		8E989E8D287781C000613666 /* Tests_iOS.swift */ = {isa = PBXFileReference; lastKnownFileType = sourcecode.swift; path = Tests_iOS.swift; sourceTree = "<group>"; };
		8E989E8F287781C000613666 /* Tests_iOSLaunchTests.swift */ = {isa = PBXFileReference; lastKnownFileType = sourcecode.swift; path = Tests_iOSLaunchTests.swift; sourceTree = "<group>"; };
		8E989E95287781C000613666 /* Tests macOS.xctest */ = {isa = PBXFileReference; explicitFileType = wrapper.cfbundle; includeInIndex = 0; path = "Tests macOS.xctest"; sourceTree = BUILT_PRODUCTS_DIR; };
		8E989E99287781C000613666 /* Tests_macOS.swift */ = {isa = PBXFileReference; lastKnownFileType = sourcecode.swift; path = Tests_macOS.swift; sourceTree = "<group>"; };
		8E989E9B287781C000613666 /* Tests_macOSLaunchTests.swift */ = {isa = PBXFileReference; lastKnownFileType = sourcecode.swift; path = Tests_macOSLaunchTests.swift; sourceTree = "<group>"; };
/* End PBXFileReference section */

/* Begin PBXFrameworksBuildPhase section */
		8E989E79287781C000613666 /* Frameworks */ = {
			isa = PBXFrameworksBuildPhase;
			buildActionMask = 2147483647;
			files = (
			);
			runOnlyForDeploymentPostprocessing = 0;
		};
		8E989E7F287781C000613666 /* Frameworks */ = {
			isa = PBXFrameworksBuildPhase;
			buildActionMask = 2147483647;
			files = (
			);
			runOnlyForDeploymentPostprocessing = 0;
		};
		8E989E86287781C000613666 /* Frameworks */ = {
			isa = PBXFrameworksBuildPhase;
			buildActionMask = 2147483647;
			files = (
			);
			runOnlyForDeploymentPostprocessing = 0;
		};
		8E989E92287781C000613666 /* Frameworks */ = {
			isa = PBXFrameworksBuildPhase;
			buildActionMask = 2147483647;
			files = (
			);
			runOnlyForDeploymentPostprocessing = 0;
		};
/* End PBXFrameworksBuildPhase section */

/* Begin PBXGroup section */
		8E989E6F287781BD00613666 = {
			isa = PBXGroup;
			children = (
				8E989E74287781BD00613666 /* Shared */,
				8E989E83287781C000613666 /* macOS */,
				8E989E8C287781C000613666 /* Tests iOS */,
				8E989E98287781C000613666 /* Tests macOS */,
				8E989E7D287781C000613666 /* Products */,
			);
			sourceTree = "<group>";
		};
		8E989E74287781BD00613666 /* Shared */ = {
			isa = PBXGroup;
			children = (
				8E989E75287781BD00613666 /* BlitzApp.swift */,
				8E989E76287781BD00613666 /* ContentView.swift */,
				8E989E77287781C000613666 /* Assets.xcassets */,
			);
			path = Shared;
			sourceTree = "<group>";
		};
		8E989E7D287781C000613666 /* Products */ = {
			isa = PBXGroup;
			children = (
				8E989E7C287781C000613666 /* Blitz.app */,
				8E989E82287781C000613666 /* Blitz.app */,
				8E989E89287781C000613666 /* Tests iOS.xctest */,
				8E989E95287781C000613666 /* Tests macOS.xctest */,
			);
			name = Products;
			sourceTree = "<group>";
		};
		8E989E83287781C000613666 /* macOS */ = {
			isa = PBXGroup;
			children = (
				8E989E84287781C000613666 /* macOS.entitlements */,
			);
			path = macOS;
			sourceTree = "<group>";
		};
		8E989E8C287781C000613666 /* Tests iOS */ = {
			isa = PBXGroup;
			children = (
				8E989E8D287781C000613666 /* Tests_iOS.swift */,
				8E989E8F287781C000613666 /* Tests_iOSLaunchTests.swift */,
			);
			path = "Tests iOS";
			sourceTree = "<group>";
		};
		8E989E98287781C000613666 /* Tests macOS */ = {
			isa = PBXGroup;
			children = (
				8E989E99287781C000613666 /* Tests_macOS.swift */,
				8E989E9B287781C000613666 /* Tests_macOSLaunchTests.swift */,
			);
			path = "Tests macOS";
			sourceTree = "<group>";
		};
/* End PBXGroup section */

/* Begin PBXNativeTarget section */
		8E989E7B287781C000613666 /* Blitz (iOS) */ = {
			isa = PBXNativeTarget;
			buildConfigurationList = 8E989EA5287781C000613666 /* Build configuration list for PBXNativeTarget "Blitz (iOS)" */;
			buildPhases = (
				8E989E78287781C000613666 /* Sources */,
				8E989E79287781C000613666 /* Frameworks */,
				8E989E7A287781C000613666 /* Resources */,
			);
			buildRules = (
			);
			dependencies = (
			);
			name = "Blitz (iOS)";
			productName = "Blitz (iOS)";
			productReference = 8E989E7C287781C000613666 /* Blitz.app */;
			productType = "com.apple.product-type.application";
		};
		8E989E81287781C000613666 /* Blitz (macOS) */ = {
			isa = PBXNativeTarget;
			buildConfigurationList = 8E989EA8287781C000613666 /* Build configuration list for PBXNativeTarget "Blitz (macOS)" */;
			buildPhases = (
				8E989E7E287781C000613666 /* Sources */,
				8E989E7F287781C000613666 /* Frameworks */,
				8E989E80287781C000613666 /* Resources */,
			);
			buildRules = (
			);
			dependencies = (
			);
			name = "Blitz (macOS)";
			productName = "Blitz (macOS)";
			productReference = 8E989E82287781C000613666 /* Blitz.app */;
			productType = "com.apple.product-type.application";
		};
		8E989E88287781C000613666 /* Tests iOS */ = {
			isa = PBXNativeTarget;
			buildConfigurationList = 8E989EAB287781C000613666 /* Build configuration list for PBXNativeTarget "Tests iOS" */;
			buildPhases = (
				8E989E85287781C000613666 /* Sources */,
				8E989E86287781C000613666 /* Frameworks */,
				8E989E87287781C000613666 /* Resources */,
			);
			buildRules = (
			);
			dependencies = (
				8E989E8B287781C000613666 /* PBXTargetDependency */,
			);
			name = "Tests iOS";
			productName = "Tests iOS";
			productReference = 8E989E89287781C000613666 /* Tests iOS.xctest */;
			productType = "com.apple.product-type.bundle.ui-testing";
		};
		8E989E94287781C000613666 /* Tests macOS */ = {
			isa = PBXNativeTarget;
			buildConfigurationList = 8E989EAE287781C000613666 /* Build configuration list for PBXNativeTarget "Tests macOS" */;
			buildPhases = (
				8E989E91287781C000613666 /* Sources */,
				8E989E92287781C000613666 /* Frameworks */,
				8E989E93287781C000613666 /* Resources */,
			);
			buildRules = (
			);
			dependencies = (
				8E989E97287781C000613666 /* PBXTargetDependency */,
			);
			name = "Tests macOS";
			productName = "Tests macOS";
			productReference = 8E989E95287781C000613666 /* Tests macOS.xctest */;
			productType = "com.apple.product-type.bundle.ui-testing";
		};
/* End PBXNativeTarget section */

/* Begin PBXProject section */
		8E989E70287781BD00613666 /* Project object */ = {
			isa = PBXProject;
			attributes = {
				BuildIndependentTargetsInParallel = 1;
				LastSwiftUpdateCheck = 1340;
				LastUpgradeCheck = 1340;
				TargetAttributes = {
					8E989E7B287781C000613666 = {
						CreatedOnToolsVersion = 13.4.1;
					};
					8E989E81287781C000613666 = {
						CreatedOnToolsVersion = 13.4.1;
					};
					8E989E88287781C000613666 = {
						CreatedOnToolsVersion = 13.4.1;
						TestTargetID = 8E989E7B287781C000613666;
					};
					8E989E94287781C000613666 = {
						CreatedOnToolsVersion = 13.4.1;
						TestTargetID = 8E989E81287781C000613666;
					};
				};
			};
			buildConfigurationList = 8E989E73287781BD00613666 /* Build configuration list for PBXProject "Blitz" */;
			compatibilityVersion = "Xcode 13.0";
			developmentRegion = en;
			hasScannedForEncodings = 0;
			knownRegions = (
				en,
				Base,
			);
			mainGroup = 8E989E6F287781BD00613666;
			productRefGroup = 8E989E7D287781C000613666 /* Products */;
			projectDirPath = "";
			projectRoot = "";
			targets = (
				8E989E7B287781C000613666 /* Blitz (iOS) */,
				8E989E81287781C000613666 /* Blitz (macOS) */,
				8E989E88287781C000613666 /* Tests iOS */,
				8E989E94287781C000613666 /* Tests macOS */,
			);
		};
/* End PBXProject section */

/* Begin PBXResourcesBuildPhase section */
		8E989E7A287781C000613666 /* Resources */ = {
			isa = PBXResourcesBuildPhase;
			buildActionMask = 2147483647;
			files = (
				8E989EA1287781C000613666 /* Assets.xcassets in Resources */,
			);
			runOnlyForDeploymentPostprocessing = 0;
		};
		8E989E80287781C000613666 /* Resources */ = {
			isa = PBXResourcesBuildPhase;
			buildActionMask = 2147483647;
			files = (
				8E989EA2287781C000613666 /* Assets.xcassets in Resources */,
			);
			runOnlyForDeploymentPostprocessing = 0;
		};
		8E989E87287781C000613666 /* Resources */ = {
			isa = PBXResourcesBuildPhase;
			buildActionMask = 2147483647;
			files = (
			);
			runOnlyForDeploymentPostprocessing = 0;
		};
		8E989E93287781C000613666 /* Resources */ = {
			isa = PBXResourcesBuildPhase;
			buildActionMask = 2147483647;
			files = (
			);
			runOnlyForDeploymentPostprocessing = 0;
		};
/* End PBXResourcesBuildPhase section */

/* Begin PBXSourcesBuildPhase section */
		8E989E78287781C000613666 /* Sources */ = {
			isa = PBXSourcesBuildPhase;
			buildActionMask = 2147483647;
			files = (
				8E989E9F287781C000613666 /* ContentView.swift in Sources */,
				8E989E9D287781C000613666 /* BlitzApp.swift in Sources */,
			);
			runOnlyForDeploymentPostprocessing = 0;
		};
		8E989E7E287781C000613666 /* Sources */ = {
			isa = PBXSourcesBuildPhase;
			buildActionMask = 2147483647;
			files = (
				8E989EA0287781C000613666 /* ContentView.swift in Sources */,
				8E989E9E287781C000613666 /* BlitzApp.swift in Sources */,
			);
			runOnlyForDeploymentPostprocessing = 0;
		};
		8E989E85287781C000613666 /* Sources */ = {
			isa = PBXSourcesBuildPhase;
			buildActionMask = 2147483647;
			files = (
				8E989E90287781C000613666 /* Tests_iOSLaunchTests.swift in Sources */,
				8E989E8E287781C000613666 /* Tests_iOS.swift in Sources */,
			);
			runOnlyForDeploymentPostprocessing = 0;
		};
		8E989E91287781C000613666 /* Sources */ = {
			isa = PBXSourcesBuildPhase;
			buildActionMask = 2147483647;
			files = (
				8E989E9C287781C000613666 /* Tests_macOSLaunchTests.swift in Sources */,
				8E989E9A287781C000613666 /* Tests_macOS.swift in Sources */,
			);
			runOnlyForDeploymentPostprocessing = 0;
		};
/* End PBXSourcesBuildPhase section */

/* Begin PBXTargetDependency section */
		8E989E8B287781C000613666 /* PBXTargetDependency */ = {
			isa = PBXTargetDependency;
			target = 8E989E7B287781C000613666 /* Blitz (iOS) */;
			targetProxy = 8E989E8A287781C000613666 /* PBXContainerItemProxy */;
		};
		8E989E97287781C000613666 /* PBXTargetDependency */ = {
			isa = PBXTargetDependency;
			target = 8E989E81287781C000613666 /* Blitz (macOS) */;
			targetProxy = 8E989E96287781C000613666 /* PBXContainerItemProxy */;
		};
/* End PBXTargetDependency section */

/* Begin XCBuildConfiguration section */
		8E989EA3287781C000613666 /* Debug */ = {
			isa = XCBuildConfiguration;
			buildSettings = {
				ALWAYS_SEARCH_USER_PATHS = NO;
				CLANG_ANALYZER_NONNULL = YES;
				CLANG_ANALYZER_NUMBER_OBJECT_CONVERSION = YES_AGGRESSIVE;
				CLANG_CXX_LANGUAGE_STANDARD = "gnu++17";
				CLANG_ENABLE_MODULES = YES;
				CLANG_ENABLE_OBJC_ARC = YES;
				CLANG_ENABLE_OBJC_WEAK = YES;
				CLANG_WARN_BLOCK_CAPTURE_AUTORELEASING = YES;
				CLANG_WARN_BOOL_CONVERSION = YES;
				CLANG_WARN_COMMA = YES;
				CLANG_WARN_CONSTANT_CONVERSION = YES;
				CLANG_WARN_DEPRECATED_OBJC_IMPLEMENTATIONS = YES;
				CLANG_WARN_DIRECT_OBJC_ISA_USAGE = YES_ERROR;
				CLANG_WARN_DOCUMENTATION_COMMENTS = YES;
				CLANG_WARN_EMPTY_BODY = YES;
				CLANG_WARN_ENUM_CONVERSION = YES;
				CLANG_WARN_INFINITE_RECURSION = YES;
				CLANG_WARN_INT_CONVERSION = YES;
				CLANG_WARN_NON_LITERAL_NULL_CONVERSION = YES;
				CLANG_WARN_OBJC_IMPLICIT_RETAIN_SELF = YES;
				CLANG_WARN_OBJC_LITERAL_CONVERSION = YES;
				CLANG_WARN_OBJC_ROOT_CLASS = YES_ERROR;
				CLANG_WARN_QUOTED_INCLUDE_IN_FRAMEWORK_HEADER = YES;
				CLANG_WARN_RANGE_LOOP_ANALYSIS = YES;
				CLANG_WARN_STRICT_PROTOTYPES = YES;
				CLANG_WARN_SUSPICIOUS_MOVE = YES;
				CLANG_WARN_UNGUARDED_AVAILABILITY = YES_AGGRESSIVE;
				CLANG_WARN_UNREACHABLE_CODE = YES;
				CLANG_WARN__DUPLICATE_METHOD_MATCH = YES;
				COPY_PHASE_STRIP = NO;
				DEBUG_INFORMATION_FORMAT = dwarf;
				ENABLE_STRICT_OBJC_MSGSEND = YES;
				ENABLE_TESTABILITY = YES;
				GCC_C_LANGUAGE_STANDARD = gnu11;
				GCC_DYNAMIC_NO_PIC = NO;
				GCC_NO_COMMON_BLOCKS = YES;
				GCC_OPTIMIZATION_LEVEL = 0;
				GCC_PREPROCESSOR_DEFINITIONS = (
					"DEBUG=1",
					"$(inherited)",
				);
				GCC_WARN_64_TO_32_BIT_CONVERSION = YES;
				GCC_WARN_ABOUT_RETURN_TYPE = YES_ERROR;
				GCC_WARN_UNDECLARED_SELECTOR = YES;
				GCC_WARN_UNINITIALIZED_AUTOS = YES_AGGRESSIVE;
				GCC_WARN_UNUSED_FUNCTION = YES;
				GCC_WARN_UNUSED_VARIABLE = YES;
				MTL_ENABLE_DEBUG_INFO = INCLUDE_SOURCE;
				MTL_FAST_MATH = YES;
				ONLY_ACTIVE_ARCH = YES;
				SWIFT_ACTIVE_COMPILATION_CONDITIONS = DEBUG;
				SWIFT_OPTIMIZATION_LEVEL = "-Onone";
			};
			name = Debug;
		};
		8E989EA4287781C000613666 /* Release */ = {
			isa = XCBuildConfiguration;
			buildSettings = {
				ALWAYS_SEARCH_USER_PATHS = NO;
				CLANG_ANALYZER_NONNULL = YES;
				CLANG_ANALYZER_NUMBER_OBJECT_CONVERSION = YES_AGGRESSIVE;
				CLANG_CXX_LANGUAGE_STANDARD = "gnu++17";
				CLANG_ENABLE_MODULES = YES;
				CLANG_ENABLE_OBJC_ARC = YES;
				CLANG_ENABLE_OBJC_WEAK = YES;
				CLANG_WARN_BLOCK_CAPTURE_AUTORELEASING = YES;
				CLANG_WARN_BOOL_CONVERSION = YES;
				CLANG_WARN_COMMA = YES;
				CLANG_WARN_CONSTANT_CONVERSION = YES;
				CLANG_WARN_DEPRECATED_OBJC_IMPLEMENTATIONS = YES;
				CLANG_WARN_DIRECT_OBJC_ISA_USAGE = YES_ERROR;
				CLANG_WARN_DOCUMENTATION_COMMENTS = YES;
				CLANG_WARN_EMPTY_BODY = YES;
				CLANG_WARN_ENUM_CONVERSION = YES;
				CLANG_WARN_INFINITE_RECURSION = YES;
				CLANG_WARN_INT_CONVERSION = YES;
				CLANG_WARN_NON_LITERAL_NULL_CONVERSION = YES;
				CLANG_WARN_OBJC_IMPLICIT_RETAIN_SELF = YES;
				CLANG_WARN_OBJC_LITERAL_CONVERSION = YES;
				CLANG_WARN_OBJC_ROOT_CLASS = YES_ERROR;
				CLANG_WARN_QUOTED_INCLUDE_IN_FRAMEWORK_HEADER = YES;
				CLANG_WARN_RANGE_LOOP_ANALYSIS = YES;
				CLANG_WARN_STRICT_PROTOTYPES = YES;
				CLANG_WARN_SUSPICIOUS_MOVE = YES;
				CLANG_WARN_UNGUARDED_AVAILABILITY = YES_AGGRESSIVE;
				CLANG_WARN_UNREACHABLE_CODE = YES;
				CLANG_WARN__DUPLICATE_METHOD_MATCH = YES;
				COPY_PHASE_STRIP = NO;
				DEBUG_INFORMATION_FORMAT = "dwarf-with-dsym";
				ENABLE_NS_ASSERTIONS = NO;
				ENABLE_STRICT_OBJC_MSGSEND = YES;
				GCC_C_LANGUAGE_STANDARD = gnu11;
				GCC_NO_COMMON_BLOCKS = YES;
				GCC_WARN_64_TO_32_BIT_CONVERSION = YES;
				GCC_WARN_ABOUT_RETURN_TYPE = YES_ERROR;
				GCC_WARN_UNDECLARED_SELECTOR = YES;
				GCC_WARN_UNINITIALIZED_AUTOS = YES_AGGRESSIVE;
				GCC_WARN_UNUSED_FUNCTION = YES;
				GCC_WARN_UNUSED_VARIABLE = YES;
				MTL_ENABLE_DEBUG_INFO = NO;
				MTL_FAST_MATH = YES;
				SWIFT_COMPILATION_MODE = wholemodule;
				SWIFT_OPTIMIZATION_LEVEL = "-O";
			};
			name = Release;
		};
		8E989EA6287781C000613666 /* Debug */ = {
			isa = XCBuildConfiguration;
			buildSettings = {
				ASSETCATALOG_COMPILER_APPICON_NAME = AppIcon;
				ASSETCATALOG_COMPILER_GLOBAL_ACCENT_COLOR_NAME = AccentColor;
				CODE_SIGN_STYLE = Automatic;
				CURRENT_PROJECT_VERSION = 1;
				ENABLE_PREVIEWS = YES;
				GENERATE_INFOPLIST_FILE = YES;
				INFOPLIST_KEY_UIApplicationSceneManifest_Generation = YES;
				INFOPLIST_KEY_UIApplicationSupportsIndirectInputEvents = YES;
				INFOPLIST_KEY_UILaunchScreen_Generation = YES;
				INFOPLIST_KEY_UISupportedInterfaceOrientations = "";
				INFOPLIST_KEY_UISupportedInterfaceOrientations_iPad = "UIInterfaceOrientationPortrait UIInterfaceOrientationPortraitUpsideDown UIInterfaceOrientationLandscapeLeft UIInterfaceOrientationLandscapeRight";
				INFOPLIST_KEY_UISupportedInterfaceOrientations_iPhone = "UIInterfaceOrientationPortrait UIInterfaceOrientationLandscapeLeft UIInterfaceOrientationLandscapeRight";
				IPHONEOS_DEPLOYMENT_TARGET = 15.5;
				LD_RUNPATH_SEARCH_PATHS = (
					"$(inherited)",
					"@executable_path/Frameworks",
				);
				MARKETING_VERSION = 1.0;
				PRODUCT_BUNDLE_IDENTIFIER = Chipr.Blitz;
				PRODUCT_NAME = Blitz;
				SDKROOT = iphoneos;
				SWIFT_EMIT_LOC_STRINGS = YES;
				SWIFT_VERSION = 5.0;
				TARGETED_DEVICE_FAMILY = "1,2";
			};
			name = Debug;
		};
		8E989EA7287781C000613666 /* Release */ = {
			isa = XCBuildConfiguration;
			buildSettings = {
				ASSETCATALOG_COMPILER_APPICON_NAME = AppIcon;
				ASSETCATALOG_COMPILER_GLOBAL_ACCENT_COLOR_NAME = AccentColor;
				CODE_SIGN_STYLE = Automatic;
				CURRENT_PROJECT_VERSION = 1;
				ENABLE_PREVIEWS = YES;
				GENERATE_INFOPLIST_FILE = YES;
				INFOPLIST_KEY_UIApplicationSceneManifest_Generation = YES;
				INFOPLIST_KEY_UIApplicationSupportsIndirectInputEvents = YES;
				INFOPLIST_KEY_UILaunchScreen_Generation = YES;
				INFOPLIST_KEY_UISupportedInterfaceOrientations = "";
				INFOPLIST_KEY_UISupportedInterfaceOrientations_iPad = "UIInterfaceOrientationPortrait UIInterfaceOrientationPortraitUpsideDown UIInterfaceOrientationLandscapeLeft UIInterfaceOrientationLandscapeRight";
				INFOPLIST_KEY_UISupportedInterfaceOrientations_iPhone = "UIInterfaceOrientationPortrait UIInterfaceOrientationLandscapeLeft UIInterfaceOrientationLandscapeRight";
				IPHONEOS_DEPLOYMENT_TARGET = 15.5;
				LD_RUNPATH_SEARCH_PATHS = (
					"$(inherited)",
					"@executable_path/Frameworks",
				);
				MARKETING_VERSION = 1.0;
				PRODUCT_BUNDLE_IDENTIFIER = Chipr.Blitz;
				PRODUCT_NAME = Blitz;
				SDKROOT = iphoneos;
				SWIFT_EMIT_LOC_STRINGS = YES;
				SWIFT_VERSION = 5.0;
				TARGETED_DEVICE_FAMILY = "1,2";
				VALIDATE_PRODUCT = YES;
			};
			name = Release;
		};
		8E989EA9287781C000613666 /* Debug */ = {
			isa = XCBuildConfiguration;
			buildSettings = {
				ASSETCATALOG_COMPILER_APPICON_NAME = AppIcon;
				ASSETCATALOG_COMPILER_GLOBAL_ACCENT_COLOR_NAME = AccentColor;
				CODE_SIGN_ENTITLEMENTS = macOS/macOS.entitlements;
				CODE_SIGN_STYLE = Automatic;
				COMBINE_HIDPI_IMAGES = YES;
				CURRENT_PROJECT_VERSION = 1;
				ENABLE_PREVIEWS = YES;
				GENERATE_INFOPLIST_FILE = YES;
				INFOPLIST_KEY_NSHumanReadableCopyright = "";
				LD_RUNPATH_SEARCH_PATHS = (
					"$(inherited)",
					"@executable_path/../Frameworks",
				);
				MACOSX_DEPLOYMENT_TARGET = 12.3;
				MARKETING_VERSION = 1.0;
				PRODUCT_BUNDLE_IDENTIFIER = Chipr.Blitz;
				PRODUCT_NAME = Blitz;
				SDKROOT = macosx;
				SWIFT_EMIT_LOC_STRINGS = YES;
				SWIFT_VERSION = 5.0;
			};
			name = Debug;
		};
		8E989EAA287781C000613666 /* Release */ = {
			isa = XCBuildConfiguration;
			buildSettings = {
				ASSETCATALOG_COMPILER_APPICON_NAME = AppIcon;
				ASSETCATALOG_COMPILER_GLOBAL_ACCENT_COLOR_NAME = AccentColor;
				CODE_SIGN_ENTITLEMENTS = macOS/macOS.entitlements;
				CODE_SIGN_STYLE = Automatic;
				COMBINE_HIDPI_IMAGES = YES;
				CURRENT_PROJECT_VERSION = 1;
				ENABLE_PREVIEWS = YES;
				GENERATE_INFOPLIST_FILE = YES;
				INFOPLIST_KEY_NSHumanReadableCopyright = "";
				LD_RUNPATH_SEARCH_PATHS = (
					"$(inherited)",
					"@executable_path/../Frameworks",
				);
				MACOSX_DEPLOYMENT_TARGET = 12.3;
				MARKETING_VERSION = 1.0;
				PRODUCT_BUNDLE_IDENTIFIER = Chipr.Blitz;
				PRODUCT_NAME = Blitz;
				SDKROOT = macosx;
				SWIFT_EMIT_LOC_STRINGS = YES;
				SWIFT_VERSION = 5.0;
			};
			name = Release;
		};
		8E989EAC287781C000613666 /* Debug */ = {
			isa = XCBuildConfiguration;
			buildSettings = {
				ALWAYS_EMBED_SWIFT_STANDARD_LIBRARIES = YES;
				CODE_SIGN_STYLE = Automatic;
				CURRENT_PROJECT_VERSION = 1;
				GENERATE_INFOPLIST_FILE = YES;
				IPHONEOS_DEPLOYMENT_TARGET = 15.5;
				MARKETING_VERSION = 1.0;
				PRODUCT_BUNDLE_IDENTIFIER = "Chipr.Tests-iOS";
				PRODUCT_NAME = "$(TARGET_NAME)";
				SDKROOT = iphoneos;
				SWIFT_EMIT_LOC_STRINGS = NO;
				SWIFT_VERSION = 5.0;
				TARGETED_DEVICE_FAMILY = "1,2";
				TEST_TARGET_NAME = "Blitz (iOS)";
			};
			name = Debug;
		};
		8E989EAD287781C000613666 /* Release */ = {
			isa = XCBuildConfiguration;
			buildSettings = {
				ALWAYS_EMBED_SWIFT_STANDARD_LIBRARIES = YES;
				CODE_SIGN_STYLE = Automatic;
				CURRENT_PROJECT_VERSION = 1;
				GENERATE_INFOPLIST_FILE = YES;
				IPHONEOS_DEPLOYMENT_TARGET = 15.5;
				MARKETING_VERSION = 1.0;
				PRODUCT_BUNDLE_IDENTIFIER = "Chipr.Tests-iOS";
				PRODUCT_NAME = "$(TARGET_NAME)";
				SDKROOT = iphoneos;
				SWIFT_EMIT_LOC_STRINGS = NO;
				SWIFT_VERSION = 5.0;
				TARGETED_DEVICE_FAMILY = "1,2";
				TEST_TARGET_NAME = "Blitz (iOS)";
				VALIDATE_PRODUCT = YES;
			};
			name = Release;
		};
		8E989EAF287781C000613666 /* Debug */ = {
			isa = XCBuildConfiguration;
			buildSettings = {
				ALWAYS_EMBED_SWIFT_STANDARD_LIBRARIES = YES;
				CODE_SIGN_STYLE = Automatic;
				CURRENT_PROJECT_VERSION = 1;
				GENERATE_INFOPLIST_FILE = YES;
				MACOSX_DEPLOYMENT_TARGET = 12.3;
				MARKETING_VERSION = 1.0;
				PRODUCT_BUNDLE_IDENTIFIER = "Chipr.Tests-macOS";
				PRODUCT_NAME = "$(TARGET_NAME)";
				SDKROOT = macosx;
				SWIFT_EMIT_LOC_STRINGS = NO;
				SWIFT_VERSION = 5.0;
				TEST_TARGET_NAME = "Blitz (macOS)";
			};
			name = Debug;
		};
		8E989EB0287781C000613666 /* Release */ = {
			isa = XCBuildConfiguration;
			buildSettings = {
				ALWAYS_EMBED_SWIFT_STANDARD_LIBRARIES = YES;
				CODE_SIGN_STYLE = Automatic;
				CURRENT_PROJECT_VERSION = 1;
				GENERATE_INFOPLIST_FILE = YES;
				MACOSX_DEPLOYMENT_TARGET = 12.3;
				MARKETING_VERSION = 1.0;
				PRODUCT_BUNDLE_IDENTIFIER = "Chipr.Tests-macOS";
				PRODUCT_NAME = "$(TARGET_NAME)";
				SDKROOT = macosx;
				SWIFT_EMIT_LOC_STRINGS = NO;
				SWIFT_VERSION = 5.0;
				TEST_TARGET_NAME = "Blitz (macOS)";
			};
			name = Release;
		};
/* End XCBuildConfiguration section */

/* Begin XCConfigurationList section */
		8E989E73287781BD00613666 /* Build configuration list for PBXProject "Blitz" */ = {
			isa = XCConfigurationList;
			buildConfigurations = (
				8E989EA3287781C000613666 /* Debug */,
				8E989EA4287781C000613666 /* Release */,
			);
			defaultConfigurationIsVisible = 0;
			defaultConfigurationName = Release;
		};
		8E989EA5287781C000613666 /* Build configuration list for PBXNativeTarget "Blitz (iOS)" */ = {
			isa = XCConfigurationList;
			buildConfigurations = (
				8E989EA6287781C000613666 /* Debug */,
				8E989EA7287781C000613666 /* Release */,
			);
			defaultConfigurationIsVisible = 0;
			defaultConfigurationName = Release;
		};
		8E989EA8287781C000613666 /* Build configuration list for PBXNativeTarget "Blitz (macOS)" */ = {
			isa = XCConfigurationList;
			buildConfigurations = (
				8E989EA9287781C000613666 /* Debug */,
				8E989EAA287781C000613666 /* Release */,
			);
			defaultConfigurationIsVisible = 0;
			defaultConfigurationName = Release;
		};
		8E989EAB287781C000613666 /* Build configuration list for PBXNativeTarget "Tests iOS" */ = {
			isa = XCConfigurationList;
			buildConfigurations = (
				8E989EAC287781C000613666 /* Debug */,
				8E989EAD287781C000613666 /* Release */,
			);
			defaultConfigurationIsVisible = 0;
			defaultConfigurationName = Release;
		};
		8E989EAE287781C000613666 /* Build configuration list for PBXNativeTarget "Tests macOS" */ = {
			isa = XCConfigurationList;
			buildConfigurations = (
				8E989EAF287781C000613666 /* Debug */,
				8E989EB0287781C000613666 /* Release */,
			);
			defaultConfigurationIsVisible = 0;
			defaultConfigurationName = Release;
		};
/* End XCConfigurationList section */
	};
	rootObject = 8E989E70287781BD00613666 /* Project object */;
}
