// !$*UTF8*$!
{
	archiveVersion = 1;
	classes = {
	};
	objectVersion = 55;
	objects = {

/* Begin PBXBuildFile section */
		8EB2884428A58332008B3DFB /* Kaeden_sfirstAppApp.swift in Sources */ = {isa = PBXBuildFile; fileRef = 8EB2884328A58332008B3DFB /* Kaeden_sfirstAppApp.swift */; };
		8EB2884628A58332008B3DFB /* ContentView.swift in Sources */ = {isa = PBXBuildFile; fileRef = 8EB2884528A58332008B3DFB /* ContentView.swift */; };
		8EB2884828A58335008B3DFB /* Assets.xcassets in Resources */ = {isa = PBXBuildFile; fileRef = 8EB2884728A58335008B3DFB /* Assets.xcassets */; };
		8EB2884B28A58335008B3DFB /* Preview Assets.xcassets in Resources */ = {isa = PBXBuildFile; fileRef = 8EB2884A28A58335008B3DFB /* Preview Assets.xcassets */; };
		8EB2885528A58335008B3DFB /* Kaeden_sfirstAppTests.swift in Sources */ = {isa = PBXBuildFile; fileRef = 8EB2885428A58335008B3DFB /* Kaeden_sfirstAppTests.swift */; };
		8EB2885F28A58335008B3DFB /* Kaeden_sfirstAppUITests.swift in Sources */ = {isa = PBXBuildFile; fileRef = 8EB2885E28A58335008B3DFB /* Kaeden_sfirstAppUITests.swift */; };
		8EB2886128A58335008B3DFB /* Kaeden_sfirstAppUITestsLaunchTests.swift in Sources */ = {isa = PBXBuildFile; fileRef = 8EB2886028A58335008B3DFB /* Kaeden_sfirstAppUITestsLaunchTests.swift */; };
/* End PBXBuildFile section */

/* Begin PBXContainerItemProxy section */
		8EB2885128A58335008B3DFB /* PBXContainerItemProxy */ = {
			isa = PBXContainerItemProxy;
			containerPortal = 8EB2883828A58332008B3DFB /* Project object */;
			proxyType = 1;
			remoteGlobalIDString = 8EB2883F28A58332008B3DFB;
			remoteInfo = "Kaeden'sfirstApp";
		};
		8EB2885B28A58335008B3DFB /* PBXContainerItemProxy */ = {
			isa = PBXContainerItemProxy;
			containerPortal = 8EB2883828A58332008B3DFB /* Project object */;
			proxyType = 1;
			remoteGlobalIDString = 8EB2883F28A58332008B3DFB;
			remoteInfo = "Kaeden'sfirstApp";
		};
/* End PBXContainerItemProxy section */

/* Begin PBXFileReference section */
		8EB2884028A58332008B3DFB /* Kaeden'sfirstApp.app */ = {isa = PBXFileReference; explicitFileType = wrapper.application; includeInIndex = 0; path = "Kaeden'sfirstApp.app"; sourceTree = BUILT_PRODUCTS_DIR; };
		8EB2884328A58332008B3DFB /* Kaeden_sfirstAppApp.swift */ = {isa = PBXFileReference; lastKnownFileType = sourcecode.swift; path = Kaeden_sfirstAppApp.swift; sourceTree = "<group>"; };
		8EB2884528A58332008B3DFB /* ContentView.swift */ = {isa = PBXFileReference; lastKnownFileType = sourcecode.swift; path = ContentView.swift; sourceTree = "<group>"; };
		8EB2884728A58335008B3DFB /* Assets.xcassets */ = {isa = PBXFileReference; lastKnownFileType = folder.assetcatalog; path = Assets.xcassets; sourceTree = "<group>"; };
		8EB2884A28A58335008B3DFB /* Preview Assets.xcassets */ = {isa = PBXFileReference; lastKnownFileType = folder.assetcatalog; path = "Preview Assets.xcassets"; sourceTree = "<group>"; };
		8EB2885028A58335008B3DFB /* Kaeden'sfirstAppTests.xctest */ = {isa = PBXFileReference; explicitFileType = wrapper.cfbundle; includeInIndex = 0; path = "Kaeden'sfirstAppTests.xctest"; sourceTree = BUILT_PRODUCTS_DIR; };
		8EB2885428A58335008B3DFB /* Kaeden_sfirstAppTests.swift */ = {isa = PBXFileReference; lastKnownFileType = sourcecode.swift; path = Kaeden_sfirstAppTests.swift; sourceTree = "<group>"; };
		8EB2885A28A58335008B3DFB /* Kaeden'sfirstAppUITests.xctest */ = {isa = PBXFileReference; explicitFileType = wrapper.cfbundle; includeInIndex = 0; path = "Kaeden'sfirstAppUITests.xctest"; sourceTree = BUILT_PRODUCTS_DIR; };
		8EB2885E28A58335008B3DFB /* Kaeden_sfirstAppUITests.swift */ = {isa = PBXFileReference; lastKnownFileType = sourcecode.swift; path = Kaeden_sfirstAppUITests.swift; sourceTree = "<group>"; };
		8EB2886028A58335008B3DFB /* Kaeden_sfirstAppUITestsLaunchTests.swift */ = {isa = PBXFileReference; lastKnownFileType = sourcecode.swift; path = Kaeden_sfirstAppUITestsLaunchTests.swift; sourceTree = "<group>"; };
/* End PBXFileReference section */

/* Begin PBXFrameworksBuildPhase section */
		8EB2883D28A58332008B3DFB /* Frameworks */ = {
			isa = PBXFrameworksBuildPhase;
			buildActionMask = 2147483647;
			files = (
			);
			runOnlyForDeploymentPostprocessing = 0;
		};
		8EB2884D28A58335008B3DFB /* Frameworks */ = {
			isa = PBXFrameworksBuildPhase;
			buildActionMask = 2147483647;
			files = (
			);
			runOnlyForDeploymentPostprocessing = 0;
		};
		8EB2885728A58335008B3DFB /* Frameworks */ = {
			isa = PBXFrameworksBuildPhase;
			buildActionMask = 2147483647;
			files = (
			);
			runOnlyForDeploymentPostprocessing = 0;
		};
/* End PBXFrameworksBuildPhase section */

/* Begin PBXGroup section */
		8EB2883728A58332008B3DFB = {
			isa = PBXGroup;
			children = (
				8EB2884228A58332008B3DFB /* Kaeden'sfirstApp */,
				8EB2885328A58335008B3DFB /* Kaeden'sfirstAppTests */,
				8EB2885D28A58335008B3DFB /* Kaeden'sfirstAppUITests */,
				8EB2884128A58332008B3DFB /* Products */,
			);
			sourceTree = "<group>";
		};
		8EB2884128A58332008B3DFB /* Products */ = {
			isa = PBXGroup;
			children = (
				8EB2884028A58332008B3DFB /* Kaeden'sfirstApp.app */,
				8EB2885028A58335008B3DFB /* Kaeden'sfirstAppTests.xctest */,
				8EB2885A28A58335008B3DFB /* Kaeden'sfirstAppUITests.xctest */,
			);
			name = Products;
			sourceTree = "<group>";
		};
		8EB2884228A58332008B3DFB /* Kaeden'sfirstApp */ = {
			isa = PBXGroup;
			children = (
				8EB2884328A58332008B3DFB /* Kaeden_sfirstAppApp.swift */,
				8EB2884528A58332008B3DFB /* ContentView.swift */,
				8EB2884728A58335008B3DFB /* Assets.xcassets */,
				8EB2884928A58335008B3DFB /* Preview Content */,
			);
			path = "Kaeden'sfirstApp";
			sourceTree = "<group>";
		};
		8EB2884928A58335008B3DFB /* Preview Content */ = {
			isa = PBXGroup;
			children = (
				8EB2884A28A58335008B3DFB /* Preview Assets.xcassets */,
			);
			path = "Preview Content";
			sourceTree = "<group>";
		};
		8EB2885328A58335008B3DFB /* Kaeden'sfirstAppTests */ = {
			isa = PBXGroup;
			children = (
				8EB2885428A58335008B3DFB /* Kaeden_sfirstAppTests.swift */,
			);
			path = "Kaeden'sfirstAppTests";
			sourceTree = "<group>";
		};
		8EB2885D28A58335008B3DFB /* Kaeden'sfirstAppUITests */ = {
			isa = PBXGroup;
			children = (
				8EB2885E28A58335008B3DFB /* Kaeden_sfirstAppUITests.swift */,
				8EB2886028A58335008B3DFB /* Kaeden_sfirstAppUITestsLaunchTests.swift */,
			);
			path = "Kaeden'sfirstAppUITests";
			sourceTree = "<group>";
		};
/* End PBXGroup section */

/* Begin PBXNativeTarget section */
		8EB2883F28A58332008B3DFB /* Kaeden'sfirstApp */ = {
			isa = PBXNativeTarget;
			buildConfigurationList = 8EB2886428A58335008B3DFB /* Build configuration list for PBXNativeTarget "Kaeden'sfirstApp" */;
			buildPhases = (
				8EB2883C28A58332008B3DFB /* Sources */,
				8EB2883D28A58332008B3DFB /* Frameworks */,
				8EB2883E28A58332008B3DFB /* Resources */,
			);
			buildRules = (
			);
			dependencies = (
			);
			name = "Kaeden'sfirstApp";
			productName = "Kaeden'sfirstApp";
			productReference = 8EB2884028A58332008B3DFB /* Kaeden'sfirstApp.app */;
			productType = "com.apple.product-type.application";
		};
		8EB2884F28A58335008B3DFB /* Kaeden'sfirstAppTests */ = {
			isa = PBXNativeTarget;
			buildConfigurationList = 8EB2886728A58335008B3DFB /* Build configuration list for PBXNativeTarget "Kaeden'sfirstAppTests" */;
			buildPhases = (
				8EB2884C28A58335008B3DFB /* Sources */,
				8EB2884D28A58335008B3DFB /* Frameworks */,
				8EB2884E28A58335008B3DFB /* Resources */,
			);
			buildRules = (
			);
			dependencies = (
				8EB2885228A58335008B3DFB /* PBXTargetDependency */,
			);
			name = "Kaeden'sfirstAppTests";
			productName = "Kaeden'sfirstAppTests";
			productReference = 8EB2885028A58335008B3DFB /* Kaeden'sfirstAppTests.xctest */;
			productType = "com.apple.product-type.bundle.unit-test";
		};
		8EB2885928A58335008B3DFB /* Kaeden'sfirstAppUITests */ = {
			isa = PBXNativeTarget;
			buildConfigurationList = 8EB2886A28A58335008B3DFB /* Build configuration list for PBXNativeTarget "Kaeden'sfirstAppUITests" */;
			buildPhases = (
				8EB2885628A58335008B3DFB /* Sources */,
				8EB2885728A58335008B3DFB /* Frameworks */,
				8EB2885828A58335008B3DFB /* Resources */,
			);
			buildRules = (
			);
			dependencies = (
				8EB2885C28A58335008B3DFB /* PBXTargetDependency */,
			);
			name = "Kaeden'sfirstAppUITests";
			productName = "Kaeden'sfirstAppUITests";
			productReference = 8EB2885A28A58335008B3DFB /* Kaeden'sfirstAppUITests.xctest */;
			productType = "com.apple.product-type.bundle.ui-testing";
		};
/* End PBXNativeTarget section */

/* Begin PBXProject section */
		8EB2883828A58332008B3DFB /* Project object */ = {
			isa = PBXProject;
			attributes = {
				BuildIndependentTargetsInParallel = 1;
				LastSwiftUpdateCheck = 1340;
				LastUpgradeCheck = 1340;
				TargetAttributes = {
					8EB2883F28A58332008B3DFB = {
						CreatedOnToolsVersion = 13.4.1;
					};
					8EB2884F28A58335008B3DFB = {
						CreatedOnToolsVersion = 13.4.1;
						TestTargetID = 8EB2883F28A58332008B3DFB;
					};
					8EB2885928A58335008B3DFB = {
						CreatedOnToolsVersion = 13.4.1;
						TestTargetID = 8EB2883F28A58332008B3DFB;
					};
				};
			};
			buildConfigurationList = 8EB2883B28A58332008B3DFB /* Build configuration list for PBXProject "Kaeden'sfirstApp" */;
			compatibilityVersion = "Xcode 13.0";
			developmentRegion = en;
			hasScannedForEncodings = 0;
			knownRegions = (
				en,
				Base,
			);
			mainGroup = 8EB2883728A58332008B3DFB;
			productRefGroup = 8EB2884128A58332008B3DFB /* Products */;
			projectDirPath = "";
			projectRoot = "";
			targets = (
				8EB2883F28A58332008B3DFB /* Kaeden'sfirstApp */,
				8EB2884F28A58335008B3DFB /* Kaeden'sfirstAppTests */,
				8EB2885928A58335008B3DFB /* Kaeden'sfirstAppUITests */,
			);
		};
/* End PBXProject section */

/* Begin PBXResourcesBuildPhase section */
		8EB2883E28A58332008B3DFB /* Resources */ = {
			isa = PBXResourcesBuildPhase;
			buildActionMask = 2147483647;
			files = (
				8EB2884B28A58335008B3DFB /* Preview Assets.xcassets in Resources */,
				8EB2884828A58335008B3DFB /* Assets.xcassets in Resources */,
			);
			runOnlyForDeploymentPostprocessing = 0;
		};
		8EB2884E28A58335008B3DFB /* Resources */ = {
			isa = PBXResourcesBuildPhase;
			buildActionMask = 2147483647;
			files = (
			);
			runOnlyForDeploymentPostprocessing = 0;
		};
		8EB2885828A58335008B3DFB /* Resources */ = {
			isa = PBXResourcesBuildPhase;
			buildActionMask = 2147483647;
			files = (
			);
			runOnlyForDeploymentPostprocessing = 0;
		};
/* End PBXResourcesBuildPhase section */

/* Begin PBXSourcesBuildPhase section */
		8EB2883C28A58332008B3DFB /* Sources */ = {
			isa = PBXSourcesBuildPhase;
			buildActionMask = 2147483647;
			files = (
				8EB2884628A58332008B3DFB /* ContentView.swift in Sources */,
				8EB2884428A58332008B3DFB /* Kaeden_sfirstAppApp.swift in Sources */,
			);
			runOnlyForDeploymentPostprocessing = 0;
		};
		8EB2884C28A58335008B3DFB /* Sources */ = {
			isa = PBXSourcesBuildPhase;
			buildActionMask = 2147483647;
			files = (
				8EB2885528A58335008B3DFB /* Kaeden_sfirstAppTests.swift in Sources */,
			);
			runOnlyForDeploymentPostprocessing = 0;
		};
		8EB2885628A58335008B3DFB /* Sources */ = {
			isa = PBXSourcesBuildPhase;
			buildActionMask = 2147483647;
			files = (
				8EB2885F28A58335008B3DFB /* Kaeden_sfirstAppUITests.swift in Sources */,
				8EB2886128A58335008B3DFB /* Kaeden_sfirstAppUITestsLaunchTests.swift in Sources */,
			);
			runOnlyForDeploymentPostprocessing = 0;
		};
/* End PBXSourcesBuildPhase section */

/* Begin PBXTargetDependency section */
		8EB2885228A58335008B3DFB /* PBXTargetDependency */ = {
			isa = PBXTargetDependency;
			target = 8EB2883F28A58332008B3DFB /* Kaeden'sfirstApp */;
			targetProxy = 8EB2885128A58335008B3DFB /* PBXContainerItemProxy */;
		};
		8EB2885C28A58335008B3DFB /* PBXTargetDependency */ = {
			isa = PBXTargetDependency;
			target = 8EB2883F28A58332008B3DFB /* Kaeden'sfirstApp */;
			targetProxy = 8EB2885B28A58335008B3DFB /* PBXContainerItemProxy */;
		};
/* End PBXTargetDependency section */

/* Begin XCBuildConfiguration section */
		8EB2886228A58335008B3DFB /* Debug */ = {
			isa = XCBuildConfiguration;
			buildSettings = {
				ALWAYS_SEARCH_USER_PATHS = NO;
				CLANG_ANALYZER_NONNULL = YES;
				CLANG_ANALYZER_NUMBER_OBJECT_CONVERSION = YES_AGGRESSIVE;
				CLANG_CXX_LANGUAGE_STANDARD = "gnu++17";
				CLANG_ENABLE_MODULES = YES;
				CLANG_ENABLE_OBJC_ARC = YES;
				CLANG_ENABLE_OBJC_WEAK = YES;
				CLANG_WARN_BLOCK_CAPTURE_AUTORELEASING = YES;
				CLANG_WARN_BOOL_CONVERSION = YES;
				CLANG_WARN_COMMA = YES;
				CLANG_WARN_CONSTANT_CONVERSION = YES;
				CLANG_WARN_DEPRECATED_OBJC_IMPLEMENTATIONS = YES;
				CLANG_WARN_DIRECT_OBJC_ISA_USAGE = YES_ERROR;
				CLANG_WARN_DOCUMENTATION_COMMENTS = YES;
				CLANG_WARN_EMPTY_BODY = YES;
				CLANG_WARN_ENUM_CONVERSION = YES;
				CLANG_WARN_INFINITE_RECURSION = YES;
				CLANG_WARN_INT_CONVERSION = YES;
				CLANG_WARN_NON_LITERAL_NULL_CONVERSION = YES;
				CLANG_WARN_OBJC_IMPLICIT_RETAIN_SELF = YES;
				CLANG_WARN_OBJC_LITERAL_CONVERSION = YES;
				CLANG_WARN_OBJC_ROOT_CLASS = YES_ERROR;
				CLANG_WARN_QUOTED_INCLUDE_IN_FRAMEWORK_HEADER = YES;
				CLANG_WARN_RANGE_LOOP_ANALYSIS = YES;
				CLANG_WARN_STRICT_PROTOTYPES = YES;
				CLANG_WARN_SUSPICIOUS_MOVE = YES;
				CLANG_WARN_UNGUARDED_AVAILABILITY = YES_AGGRESSIVE;
				CLANG_WARN_UNREACHABLE_CODE = YES;
				CLANG_WARN__DUPLICATE_METHOD_MATCH = YES;
				COPY_PHASE_STRIP = NO;
				DEBUG_INFORMATION_FORMAT = dwarf;
				ENABLE_STRICT_OBJC_MSGSEND = YES;
				ENABLE_TESTABILITY = YES;
				GCC_C_LANGUAGE_STANDARD = gnu11;
				GCC_DYNAMIC_NO_PIC = NO;
				GCC_NO_COMMON_BLOCKS = YES;
				GCC_OPTIMIZATION_LEVEL = 0;
				GCC_PREPROCESSOR_DEFINITIONS = (
					"DEBUG=1",
					"$(inherited)",
				);
				GCC_WARN_64_TO_32_BIT_CONVERSION = YES;
				GCC_WARN_ABOUT_RETURN_TYPE = YES_ERROR;
				GCC_WARN_UNDECLARED_SELECTOR = YES;
				GCC_WARN_UNINITIALIZED_AUTOS = YES_AGGRESSIVE;
				GCC_WARN_UNUSED_FUNCTION = YES;
				GCC_WARN_UNUSED_VARIABLE = YES;
				IPHONEOS_DEPLOYMENT_TARGET = 15.5;
				MTL_ENABLE_DEBUG_INFO = INCLUDE_SOURCE;
				MTL_FAST_MATH = YES;
				ONLY_ACTIVE_ARCH = YES;
				SDKROOT = iphoneos;
				SWIFT_ACTIVE_COMPILATION_CONDITIONS = DEBUG;
				SWIFT_OPTIMIZATION_LEVEL = "-Onone";
			};
			name = Debug;
		};
		8EB2886328A58335008B3DFB /* Release */ = {
			isa = XCBuildConfiguration;
			buildSettings = {
				ALWAYS_SEARCH_USER_PATHS = NO;
				CLANG_ANALYZER_NONNULL = YES;
				CLANG_ANALYZER_NUMBER_OBJECT_CONVERSION = YES_AGGRESSIVE;
				CLANG_CXX_LANGUAGE_STANDARD = "gnu++17";
				CLANG_ENABLE_MODULES = YES;
				CLANG_ENABLE_OBJC_ARC = YES;
				CLANG_ENABLE_OBJC_WEAK = YES;
				CLANG_WARN_BLOCK_CAPTURE_AUTORELEASING = YES;
				CLANG_WARN_BOOL_CONVERSION = YES;
				CLANG_WARN_COMMA = YES;
				CLANG_WARN_CONSTANT_CONVERSION = YES;
				CLANG_WARN_DEPRECATED_OBJC_IMPLEMENTATIONS = YES;
				CLANG_WARN_DIRECT_OBJC_ISA_USAGE = YES_ERROR;
				CLANG_WARN_DOCUMENTATION_COMMENTS = YES;
				CLANG_WARN_EMPTY_BODY = YES;
				CLANG_WARN_ENUM_CONVERSION = YES;
				CLANG_WARN_INFINITE_RECURSION = YES;
				CLANG_WARN_INT_CONVERSION = YES;
				CLANG_WARN_NON_LITERAL_NULL_CONVERSION = YES;
				CLANG_WARN_OBJC_IMPLICIT_RETAIN_SELF = YES;
				CLANG_WARN_OBJC_LITERAL_CONVERSION = YES;
				CLANG_WARN_OBJC_ROOT_CLASS = YES_ERROR;
				CLANG_WARN_QUOTED_INCLUDE_IN_FRAMEWORK_HEADER = YES;
				CLANG_WARN_RANGE_LOOP_ANALYSIS = YES;
				CLANG_WARN_STRICT_PROTOTYPES = YES;
				CLANG_WARN_SUSPICIOUS_MOVE = YES;
				CLANG_WARN_UNGUARDED_AVAILABILITY = YES_AGGRESSIVE;
				CLANG_WARN_UNREACHABLE_CODE = YES;
				CLANG_WARN__DUPLICATE_METHOD_MATCH = YES;
				COPY_PHASE_STRIP = NO;
				DEBUG_INFORMATION_FORMAT = "dwarf-with-dsym";
				ENABLE_NS_ASSERTIONS = NO;
				ENABLE_STRICT_OBJC_MSGSEND = YES;
				GCC_C_LANGUAGE_STANDARD = gnu11;
				GCC_NO_COMMON_BLOCKS = YES;
				GCC_WARN_64_TO_32_BIT_CONVERSION = YES;
				GCC_WARN_ABOUT_RETURN_TYPE = YES_ERROR;
				GCC_WARN_UNDECLARED_SELECTOR = YES;
				GCC_WARN_UNINITIALIZED_AUTOS = YES_AGGRESSIVE;
				GCC_WARN_UNUSED_FUNCTION = YES;
				GCC_WARN_UNUSED_VARIABLE = YES;
				IPHONEOS_DEPLOYMENT_TARGET = 15.5;
				MTL_ENABLE_DEBUG_INFO = NO;
				MTL_FAST_MATH = YES;
				SDKROOT = iphoneos;
				SWIFT_COMPILATION_MODE = wholemodule;
				SWIFT_OPTIMIZATION_LEVEL = "-O";
				VALIDATE_PRODUCT = YES;
			};
			name = Release;
		};
		8EB2886528A58335008B3DFB /* Debug */ = {
			isa = XCBuildConfiguration;
			buildSettings = {
				ASSETCATALOG_COMPILER_APPICON_NAME = AppIcon;
				ASSETCATALOG_COMPILER_GLOBAL_ACCENT_COLOR_NAME = AccentColor;
				CODE_SIGN_STYLE = Automatic;
				CURRENT_PROJECT_VERSION = 1;
				DEVELOPMENT_ASSET_PATHS = "\"Kaeden'sfirstApp/Preview Content\"";
				ENABLE_PREVIEWS = YES;
				GENERATE_INFOPLIST_FILE = YES;
				INFOPLIST_KEY_UIApplicationSceneManifest_Generation = YES;
				INFOPLIST_KEY_UIApplicationSupportsIndirectInputEvents = YES;
				INFOPLIST_KEY_UILaunchScreen_Generation = YES;
				INFOPLIST_KEY_UISupportedInterfaceOrientations_iPad = "UIInterfaceOrientationPortrait UIInterfaceOrientationPortraitUpsideDown UIInterfaceOrientationLandscapeLeft UIInterfaceOrientationLandscapeRight";
				INFOPLIST_KEY_UISupportedInterfaceOrientations_iPhone = "UIInterfaceOrientationPortrait UIInterfaceOrientationLandscapeLeft UIInterfaceOrientationLandscapeRight";
				LD_RUNPATH_SEARCH_PATHS = (
					"$(inherited)",
					"@executable_path/Frameworks",
				);
				MARKETING_VERSION = 1.0;
				PRODUCT_BUNDLE_IDENTIFIER = "Kaeden.Kaeden-sfirstApp";
				PRODUCT_NAME = "$(TARGET_NAME)";
				SWIFT_EMIT_LOC_STRINGS = YES;
				SWIFT_VERSION = 5.0;
				TARGETED_DEVICE_FAMILY = "1,2";
			};
			name = Debug;
		};
		8EB2886628A58335008B3DFB /* Release */ = {
			isa = XCBuildConfiguration;
			buildSettings = {
				ASSETCATALOG_COMPILER_APPICON_NAME = AppIcon;
				ASSETCATALOG_COMPILER_GLOBAL_ACCENT_COLOR_NAME = AccentColor;
				CODE_SIGN_STYLE = Automatic;
				CURRENT_PROJECT_VERSION = 1;
				DEVELOPMENT_ASSET_PATHS = "\"Kaeden'sfirstApp/Preview Content\"";
				ENABLE_PREVIEWS = YES;
				GENERATE_INFOPLIST_FILE = YES;
				INFOPLIST_KEY_UIApplicationSceneManifest_Generation = YES;
				INFOPLIST_KEY_UIApplicationSupportsIndirectInputEvents = YES;
				INFOPLIST_KEY_UILaunchScreen_Generation = YES;
				INFOPLIST_KEY_UISupportedInterfaceOrientations_iPad = "UIInterfaceOrientationPortrait UIInterfaceOrientationPortraitUpsideDown UIInterfaceOrientationLandscapeLeft UIInterfaceOrientationLandscapeRight";
				INFOPLIST_KEY_UISupportedInterfaceOrientations_iPhone = "UIInterfaceOrientationPortrait UIInterfaceOrientationLandscapeLeft UIInterfaceOrientationLandscapeRight";
				LD_RUNPATH_SEARCH_PATHS = (
					"$(inherited)",
					"@executable_path/Frameworks",
				);
				MARKETING_VERSION = 1.0;
				PRODUCT_BUNDLE_IDENTIFIER = "Kaeden.Kaeden-sfirstApp";
				PRODUCT_NAME = "$(TARGET_NAME)";
				SWIFT_EMIT_LOC_STRINGS = YES;
				SWIFT_VERSION = 5.0;
				TARGETED_DEVICE_FAMILY = "1,2";
			};
			name = Release;
		};
		8EB2886828A58335008B3DFB /* Debug */ = {
			isa = XCBuildConfiguration;
			buildSettings = {
				ALWAYS_EMBED_SWIFT_STANDARD_LIBRARIES = YES;
				BUNDLE_LOADER = "$(TEST_HOST)";
				CODE_SIGN_STYLE = Automatic;
				CURRENT_PROJECT_VERSION = 1;
				GENERATE_INFOPLIST_FILE = YES;
				IPHONEOS_DEPLOYMENT_TARGET = 15.5;
				MARKETING_VERSION = 1.0;
				PRODUCT_BUNDLE_IDENTIFIER = "Kaeden.Kaeden-sfirstAppTests";
				PRODUCT_NAME = "$(TARGET_NAME)";
				SWIFT_EMIT_LOC_STRINGS = NO;
				SWIFT_VERSION = 5.0;
				TARGETED_DEVICE_FAMILY = "1,2";
				TEST_HOST = "$(BUILT_PRODUCTS_DIR)/Kaeden'sfirstApp.app/Kaeden'sfirstApp";
			};
			name = Debug;
		};
		8EB2886928A58335008B3DFB /* Release */ = {
			isa = XCBuildConfiguration;
			buildSettings = {
				ALWAYS_EMBED_SWIFT_STANDARD_LIBRARIES = YES;
				BUNDLE_LOADER = "$(TEST_HOST)";
				CODE_SIGN_STYLE = Automatic;
				CURRENT_PROJECT_VERSION = 1;
				GENERATE_INFOPLIST_FILE = YES;
				IPHONEOS_DEPLOYMENT_TARGET = 15.5;
				MARKETING_VERSION = 1.0;
				PRODUCT_BUNDLE_IDENTIFIER = "Kaeden.Kaeden-sfirstAppTests";
				PRODUCT_NAME = "$(TARGET_NAME)";
				SWIFT_EMIT_LOC_STRINGS = NO;
				SWIFT_VERSION = 5.0;
				TARGETED_DEVICE_FAMILY = "1,2";
				TEST_HOST = "$(BUILT_PRODUCTS_DIR)/Kaeden'sfirstApp.app/Kaeden'sfirstApp";
			};
			name = Release;
		};
		8EB2886B28A58335008B3DFB /* Debug */ = {
			isa = XCBuildConfiguration;
			buildSettings = {
				ALWAYS_EMBED_SWIFT_STANDARD_LIBRARIES = YES;
				CODE_SIGN_STYLE = Automatic;
				CURRENT_PROJECT_VERSION = 1;
				GENERATE_INFOPLIST_FILE = YES;
				MARKETING_VERSION = 1.0;
				PRODUCT_BUNDLE_IDENTIFIER = "Kaeden.Kaeden-sfirstAppUITests";
				PRODUCT_NAME = "$(TARGET_NAME)";
				SWIFT_EMIT_LOC_STRINGS = NO;
				SWIFT_VERSION = 5.0;
				TARGETED_DEVICE_FAMILY = "1,2";
				TEST_TARGET_NAME = "Kaeden'sfirstApp";
			};
			name = Debug;
		};
		8EB2886C28A58335008B3DFB /* Release */ = {
			isa = XCBuildConfiguration;
			buildSettings = {
				ALWAYS_EMBED_SWIFT_STANDARD_LIBRARIES = YES;
				CODE_SIGN_STYLE = Automatic;
				CURRENT_PROJECT_VERSION = 1;
				GENERATE_INFOPLIST_FILE = YES;
				MARKETING_VERSION = 1.0;
				PRODUCT_BUNDLE_IDENTIFIER = "Kaeden.Kaeden-sfirstAppUITests";
				PRODUCT_NAME = "$(TARGET_NAME)";
				SWIFT_EMIT_LOC_STRINGS = NO;
				SWIFT_VERSION = 5.0;
				TARGETED_DEVICE_FAMILY = "1,2";
				TEST_TARGET_NAME = "Kaeden'sfirstApp";
			};
			name = Release;
		};
/* End XCBuildConfiguration section */

/* Begin XCConfigurationList section */
		8EB2883B28A58332008B3DFB /* Build configuration list for PBXProject "Kaeden'sfirstApp" */ = {
			isa = XCConfigurationList;
			buildConfigurations = (
				8EB2886228A58335008B3DFB /* Debug */,
				8EB2886328A58335008B3DFB /* Release */,
			);
			defaultConfigurationIsVisible = 0;
			defaultConfigurationName = Release;
		};
		8EB2886428A58335008B3DFB /* Build configuration list for PBXNativeTarget "Kaeden'sfirstApp" */ = {
			isa = XCConfigurationList;
			buildConfigurations = (
				8EB2886528A58335008B3DFB /* Debug */,
				8EB2886628A58335008B3DFB /* Release */,
			);
			defaultConfigurationIsVisible = 0;
			defaultConfigurationName = Release;
		};
		8EB2886728A58335008B3DFB /* Build configuration list for PBXNativeTarget "Kaeden'sfirstAppTests" */ = {
			isa = XCConfigurationList;
			buildConfigurations = (
				8EB2886828A58335008B3DFB /* Debug */,
				8EB2886928A58335008B3DFB /* Release */,
			);
			defaultConfigurationIsVisible = 0;
			defaultConfigurationName = Release;
		};
		8EB2886A28A58335008B3DFB /* Build configuration list for PBXNativeTarget "Kaeden'sfirstAppUITests" */ = {
			isa = XCConfigurationList;
			buildConfigurations = (
				8EB2886B28A58335008B3DFB /* Debug */,
				8EB2886C28A58335008B3DFB /* Release */,
			);
			defaultConfigurationIsVisible = 0;
			defaultConfigurationName = Release;
		};
/* End XCConfigurationList section */
	};
	rootObject = 8EB2883828A58332008B3DFB /* Project object */;
}
